<?xml version="1.0" encoding="utf-8"?>
<Project ToolsVersion="4.0" xmlns="http://schemas.microsoft.com/developer/msbuild/2003">
  <ItemGroup>
    <Filter Include="Quelldateien">
      <UniqueIdentifier>{4FC737F1-C7A5-4376-A066-2A32D752A2FF}</UniqueIdentifier>
      <Extensions>cpp;c;cc;cxx;def;odl;idl;hpj;bat;asm;asmx</Extensions>
    </Filter>
    <Filter Include="Headerdateien">
      <UniqueIdentifier>{93995380-89BD-4b04-88EB-625FBE52EBFB}</UniqueIdentifier>
      <Extensions>h;hh;hpp;hxx;hm;inl;inc;xsd</Extensions>
    </Filter>
    <Filter Include="Ressourcendateien">
      <UniqueIdentifier>{67DA6AB6-F800-4c08-8B7A-83BB121AAD01}</UniqueIdentifier>
      <Extensions>rc;ico;cur;bmp;dlg;rc2;rct;bin;rgs;gif;jpg;jpeg;jpe;resx;tiff;tif;png;wav;mfcribbon-ms</Extensions>
    </Filter>
  </ItemGroup>
  <ItemGroup>
    <ClInclude Include="src\Ast\AstBinopExpr.h">
      <Filter>Headerdateien</Filter>
    </ClInclude>
    <ClInclude Include="src\Ast\AstBlockStmt.h">
      <Filter>Headerdateien</Filter>
    </ClInclude>
    <ClInclude Include="src\Ast\AstCallExpr.h">
      <Filter>Headerdateien</Filter>
    </ClInclude>
    <ClInclude Include="src\Ast\AstClassDecl.h">
      <Filter>Headerdateien</Filter>
    </ClInclude>
    <ClInclude Include="src\Ast\AstExpr.h">
      <Filter>Headerdateien</Filter>
    </ClInclude>
    <ClInclude Include="src\Ast\AstExprStmt.h">
      <Filter>Headerdateien</Filter>
    </ClInclude>
    <ClInclude Include="src\Ast\AstFuncDecl.h">
      <Filter>Headerdateien</Filter>
    </ClInclude>
    <ClInclude Include="src\Ast\AstIdExpr.h">
      <Filter>Headerdateien</Filter>
    </ClInclude>
    <ClInclude Include="src\Ast\AstIfStmt.h">
      <Filter>Headerdateien</Filter>
    </ClInclude>
    <ClInclude Include="src\Ast\AstLitExpr.h">
      <Filter>Headerdateien</Filter>
    </ClInclude>
    <ClInclude Include="src\Ast\AstModDecl.h">
      <Filter>Headerdateien</Filter>
    </ClInclude>
    <ClInclude Include="src\Ast\AstNode.h">
      <Filter>Headerdateien</Filter>
    </ClInclude>
    <ClInclude Include="src\Ast\AstParam.h">
      <Filter>Headerdateien</Filter>
    </ClInclude>
    <ClInclude Include="src\Ast\AstRetStmt.h">
      <Filter>Headerdateien</Filter>
    </ClInclude>
    <ClInclude Include="src\Ast\AstScopeExpr.h">
      <Filter>Headerdateien</Filter>
    </ClInclude>
    <ClInclude Include="src\Ast\AstStmt.h">
      <Filter>Headerdateien</Filter>
    </ClInclude>
    <ClInclude Include="src\Ast\AstVarDecl.h">
      <Filter>Headerdateien</Filter>
    </ClInclude>
    <ClInclude Include="src\Ast\nodes.h">
      <Filter>Headerdateien</Filter>
    </ClInclude>
    <ClInclude Include="src\Ast\Token.h">
      <Filter>Headerdateien</Filter>
    </ClInclude>
    <ClInclude Include="src\Types\BoolType.h">
      <Filter>Headerdateien</Filter>
    </ClInclude>
    <ClInclude Include="src\Types\ClassType.h">
      <Filter>Headerdateien</Filter>
    </ClInclude>
    <ClInclude Include="src\Types\FloatType.h">
      <Filter>Headerdateien</Filter>
    </ClInclude>
    <ClInclude Include="src\Types\FunctionType.h">
      <Filter>Headerdateien</Filter>
    </ClInclude>
    <ClInclude Include="src\Types\InvalidType.h">
      <Filter>Headerdateien</Filter>
    </ClInclude>
    <ClInclude Include="src\Types\IntType.h">
      <Filter>Headerdateien</Filter>
    </ClInclude>
    <ClInclude Include="src\Types\ModuleType.h">
      <Filter>Headerdateien</Filter>
    </ClInclude>
    <ClInclude Include="src\Types\NullType.h">
      <Filter>Headerdateien</Filter>
    </ClInclude>
    <ClInclude Include="src\Types\Type.h">
      <Filter>Headerdateien</Filter>
    </ClInclude>
    <ClInclude Include="src\Types\types.h">
      <Filter>Headerdateien</Filter>
    </ClInclude>
    <ClInclude Include="src\Types\TypeType.h">
      <Filter>Headerdateien</Filter>
    </ClInclude>
    <ClInclude Include="src\Types\Value.h">
      <Filter>Headerdateien</Filter>
    </ClInclude>
    <ClInclude Include="src\Types\VoidType.h">
      <Filter>Headerdateien</Filter>
    </ClInclude>
    <ClInclude Include="src\ByteCodeChunk.h">
      <Filter>Headerdateien</Filter>
    </ClInclude>
    <ClInclude Include="src\ByteCodeCompiler.h">
      <Filter>Headerdateien</Filter>
    </ClInclude>
    <ClInclude Include="src\Decompiler.h">
      <Filter>Headerdateien</Filter>
    </ClInclude>
    <ClInclude Include="src\exceptions.h">
      <Filter>Headerdateien</Filter>
    </ClInclude>
    <ClInclude Include="src\Lexer.h">
      <Filter>Headerdateien</Filter>
    </ClInclude>
    <ClInclude Include="src\NameResolver.h">
      <Filter>Headerdateien</Filter>
    </ClInclude>
    <ClInclude Include="src\NodePrinter.h">
      <Filter>Headerdateien</Filter>
    </ClInclude>
    <ClInclude Include="src\NodeVisitor.h">
      <Filter>Headerdateien</Filter>
    </ClInclude>
    <ClInclude Include="src\Opcode.h">
      <Filter>Headerdateien</Filter>
    </ClInclude>
    <ClInclude Include="src\Parser.h">
      <Filter>Headerdateien</Filter>
    </ClInclude>
    <ClInclude Include="src\Scope.h">
      <Filter>Headerdateien</Filter>
    </ClInclude>
    <ClInclude Include="src\SourceFile.h">
      <Filter>Headerdateien</Filter>
    </ClInclude>
    <ClInclude Include="src\TypeChecker.h">
      <Filter>Headerdateien</Filter>
    </ClInclude>
    <ClInclude Include="src\TypeInfo.h">
      <Filter>Headerdateien</Filter>
    </ClInclude>
    <ClInclude Include="src\VM.h">
      <Filter>Headerdateien</Filter>
    </ClInclude>
    <ClInclude Include="src\VMValue.h">
      <Filter>Headerdateien</Filter>
    </ClInclude>
    <ClInclude Include="src\GC.h">
      <Filter>Headerdateien</Filter>
    </ClInclude>
    <ClInclude Include="src\VMObject.h">
      <Filter>Headerdateien</Filter>
    </ClInclude>
    <ClInclude Include="src\TypeBuilder.h">
      <Filter>Headerdateien</Filter>
    </ClInclude>
    <ClInclude Include="src\Types\ArrayType.h">
      <Filter>Headerdateien</Filter>
    </ClInclude>
    <ClInclude Include="src\Types\EnumType.h">
      <Filter>Headerdateien</Filter>
    </ClInclude>
    <ClInclude Include="src\Ast\AstArrayTypeExpr.h">
      <Filter>Headerdateien</Filter>
    </ClInclude>
    <ClInclude Include="src\Ast\AstAssignExpr.h">
      <Filter>Headerdateien</Filter>
    </ClInclude>
    <ClInclude Include="src\Ast\AstEnumDecl.h">
      <Filter>Headerdateien</Filter>
    </ClInclude>
    <ClInclude Include="src\Ast\AstEnumElement.h">
      <Filter>Headerdateien</Filter>
    </ClInclude>
    <ClInclude Include="src\Ast\AstFieldDecl.h">
      <Filter>Headerdateien</Filter>
    </ClInclude>
    <ClInclude Include="src\Ast\AstIdTypeExpr.h">
      <Filter>Headerdateien</Filter>
    </ClInclude>
    <ClInclude Include="src\Ast\AstImportStmt.h">
      <Filter>Headerdateien</Filter>
    </ClInclude>
    <ClInclude Include="src\Ast\AstNewExpr.h">
      <Filter>Headerdateien</Filter>
    </ClInclude>
    <ClInclude Include="src\Ast\AstPostfixExpr.h">
      <Filter>Headerdateien</Filter>
    </ClInclude>
    <ClInclude Include="src\Ast\AstTypeExpr.h">
      <Filter>Headerdateien</Filter>
    </ClInclude>
    <ClInclude Include="src\Ast\AstUnaryExpr.h">
      <Filter>Headerdateien</Filter>
    </ClInclude>
    <ClInclude Include="src\Ast\AstWhileStmt.h">
      <Filter>Headerdateien</Filter>
    </ClInclude>
    <ClInclude Include="src\IExprVisitor.h">
      <Filter>Headerdateien</Filter>
    </ClInclude>
    <ClInclude Include="src\IStmtVisitor.h">
      <Filter>Headerdateien</Filter>
    </ClInclude>
  </ItemGroup>
  <ItemGroup>
    <ClCompile Include="src\Ast\AstClassDecl.cpp">
      <Filter>Quelldateien</Filter>
    </ClCompile>
    <ClCompile Include="src\Ast\AstModDecl.cpp">
      <Filter>Quelldateien</Filter>
    </ClCompile>
    <ClCompile Include="src\Ast\Token.cpp">
      <Filter>Quelldateien</Filter>
    </ClCompile>
    <ClCompile Include="src\Types\BoolType.cpp">
      <Filter>Quelldateien</Filter>
    </ClCompile>
    <ClCompile Include="src\Types\ClassType.cpp">
      <Filter>Quelldateien</Filter>
    </ClCompile>
    <ClCompile Include="src\Types\FloatType.cpp">
      <Filter>Quelldateien</Filter>
    </ClCompile>
    <ClCompile Include="src\Types\FunctionType.cpp">
      <Filter>Quelldateien</Filter>
    </ClCompile>
    <ClCompile Include="src\Types\InvalidType.cpp">
      <Filter>Quelldateien</Filter>
    </ClCompile>
    <ClCompile Include="src\Types\IntType.cpp">
      <Filter>Quelldateien</Filter>
    </ClCompile>
    <ClCompile Include="src\Types\ModuleType.cpp">
      <Filter>Quelldateien</Filter>
    </ClCompile>
    <ClCompile Include="src\Types\NullType.cpp">
      <Filter>Quelldateien</Filter>
    </ClCompile>
    <ClCompile Include="src\Types\types.cpp">
      <Filter>Quelldateien</Filter>
    </ClCompile>
    <ClCompile Include="src\Types\TypeType.cpp">
      <Filter>Quelldateien</Filter>
    </ClCompile>
    <ClCompile Include="src\Types\VoidType.cpp">
      <Filter>Quelldateien</Filter>
    </ClCompile>
    <ClCompile Include="src\ByteCodeChunk.cpp">
      <Filter>Quelldateien</Filter>
    </ClCompile>
    <ClCompile Include="src\ByteCodeCompiler.cpp">
      <Filter>Quelldateien</Filter>
    </ClCompile>
    <ClCompile Include="src\Decompiler.cpp">
      <Filter>Quelldateien</Filter>
    </ClCompile>
    <ClCompile Include="src\Lexer.cpp">
      <Filter>Quelldateien</Filter>
    </ClCompile>
    <ClCompile Include="src\main.cpp">
      <Filter>Quelldateien</Filter>
    </ClCompile>
    <ClCompile Include="src\NameResolver.cpp">
      <Filter>Quelldateien</Filter>
    </ClCompile>
    <ClCompile Include="src\NodePrinter.cpp">
      <Filter>Quelldateien</Filter>
    </ClCompile>
    <ClCompile Include="src\Opcode.cpp">
      <Filter>Quelldateien</Filter>
    </ClCompile>
    <ClCompile Include="src\Parser.cpp">
      <Filter>Quelldateien</Filter>
    </ClCompile>
    <ClCompile Include="src\Scope.cpp">
      <Filter>Quelldateien</Filter>
    </ClCompile>
    <ClCompile Include="src\TypeChecker.cpp">
      <Filter>Quelldateien</Filter>
    </ClCompile>
    <ClCompile Include="src\TypeInfo.cpp">
      <Filter>Quelldateien</Filter>
    </ClCompile>
    <ClCompile Include="src\VM.cpp">
      <Filter>Quelldateien</Filter>
    </ClCompile>
    <ClCompile Include="src\VMValue.cpp">
      <Filter>Quelldateien</Filter>
    </ClCompile>
    <ClCompile Include="src\GC.cpp">
      <Filter>Quelldateien</Filter>
    </ClCompile>
    <ClCompile Include="src\VMObject.cpp">
      <Filter>Quelldateien</Filter>
    </ClCompile>
    <ClCompile Include="src\TypeBuilder.cpp">
      <Filter>Quelldateien</Filter>
    </ClCompile>
    <ClCompile Include="src\Types\ArrayType.cpp">
      <Filter>Quelldateien</Filter>
    </ClCompile>
    <ClCompile Include="src\Types\EnumType.cpp">
      <Filter>Quelldateien</Filter>
    </ClCompile>
    <ClCompile Include="src\Ast\AstEnumDecl.cpp">
      <Filter>Quelldateien</Filter>
    </ClCompile>
  </ItemGroup>
</Project>