<?xml version="1.0" encoding="utf-8"?>
<Project ToolsVersion="4.0" xmlns="http://schemas.microsoft.com/developer/msbuild/2003">
  <ItemGroup>
    <Filter Include="Quelldateien">
      <UniqueIdentifier>{4FC737F1-C7A5-4376-A066-2A32D752A2FF}</UniqueIdentifier>
      <Extensions>cpp;c;cc;cxx;def;odl;idl;hpj;bat;asm;asmx</Extensions>
    </Filter>
    <Filter Include="Headerdateien">
      <UniqueIdentifier>{93995380-89BD-4b04-88EB-625FBE52EBFB}</UniqueIdentifier>
      <Extensions>h;hh;hpp;hxx;hm;inl;inc;xsd</Extensions>
    </Filter>
    <Filter Include="Ressourcendateien">
      <UniqueIdentifier>{67DA6AB6-F800-4c08-8B7A-83BB121AAD01}</UniqueIdentifier>
      <Extensions>rc;ico;cur;bmp;dlg;rc2;rct;bin;rgs;gif;jpg;jpeg;jpe;resx;tiff;tif;png;wav;mfcribbon-ms</Extensions>
    </Filter>
  </ItemGroup>
  <ItemGroup>
    <ClInclude Include="src\Ast\ArrayLitExpr.h">
      <Filter>Headerdateien</Filter>
    </ClInclude>
    <ClInclude Include="src\Ast\ArrayType.h">
      <Filter>Headerdateien</Filter>
    </ClInclude>
    <ClInclude Include="src\Ast\ArrayTypeExpr.h">
      <Filter>Headerdateien</Filter>
    </ClInclude>
    <ClInclude Include="src\Ast\AssignExpr.h">
      <Filter>Headerdateien</Filter>
    </ClInclude>
    <ClInclude Include="src\Ast\BinopExpr.h">
      <Filter>Headerdateien</Filter>
    </ClInclude>
    <ClInclude Include="src\Ast\BlockStmt.h">
      <Filter>Headerdateien</Filter>
    </ClInclude>
    <ClInclude Include="src\Ast\BoolType.h">
      <Filter>Headerdateien</Filter>
    </ClInclude>
    <ClInclude Include="src\Ast\CallExpr.h">
      <Filter>Headerdateien</Filter>
    </ClInclude>
    <ClInclude Include="src\Ast\CastExpr.h">
      <Filter>Headerdateien</Filter>
    </ClInclude>
    <ClInclude Include="src\Ast\ClassDecl.h">
      <Filter>Headerdateien</Filter>
    </ClInclude>
    <ClInclude Include="src\Ast\EnumDecl.h">
      <Filter>Headerdateien</Filter>
    </ClInclude>
    <ClInclude Include="src\Ast\EnumElement.h">
      <Filter>Headerdateien</Filter>
    </ClInclude>
    <ClInclude Include="src\Ast\Expr.h">
      <Filter>Headerdateien</Filter>
    </ClInclude>
    <ClInclude Include="src\Ast\ExprStmt.h">
      <Filter>Headerdateien</Filter>
    </ClInclude>
    <ClInclude Include="src\Ast\FieldDecl.h">
      <Filter>Headerdateien</Filter>
    </ClInclude>
    <ClInclude Include="src\Ast\FloatType.h">
      <Filter>Headerdateien</Filter>
    </ClInclude>
    <ClInclude Include="src\Ast\FuncDecl.h">
      <Filter>Headerdateien</Filter>
    </ClInclude>
    <ClInclude Include="src\Ast\FuncType.h">
      <Filter>Headerdateien</Filter>
    </ClInclude>
    <ClInclude Include="src\Ast\GenericParam.h">
      <Filter>Headerdateien</Filter>
    </ClInclude>
    <ClInclude Include="src\Ast\GenericReificationExpr.h">
      <Filter>Headerdateien</Filter>
    </ClInclude>
    <ClInclude Include="src\Ast\IdExpr.h">
      <Filter>Headerdateien</Filter>
    </ClInclude>
    <ClInclude Include="src\Ast\IfStmt.h">
      <Filter>Headerdateien</Filter>
    </ClInclude>
    <ClInclude Include="src\Ast\ImportStmt.h">
      <Filter>Headerdateien</Filter>
    </ClInclude>
    <ClInclude Include="src\Ast\InterfaceDecl.h">
      <Filter>Headerdateien</Filter>
    </ClInclude>
    <ClInclude Include="src\Ast\InterfaceMethodDecl.h">
      <Filter>Headerdateien</Filter>
    </ClInclude>
    <ClInclude Include="src\Ast\IntType.h">
      <Filter>Headerdateien</Filter>
    </ClInclude>
    <ClInclude Include="src\Ast\InvalidType.h">
      <Filter>Headerdateien</Filter>
    </ClInclude>
    <ClInclude Include="src\Ast\IsExpr.h">
      <Filter>Headerdateien</Filter>
    </ClInclude>
    <ClInclude Include="src\Ast\LitExpr.h">
      <Filter>Headerdateien</Filter>
    </ClInclude>
    <ClInclude Include="src\Ast\ModDecl.h">
      <Filter>Headerdateien</Filter>
    </ClInclude>
    <ClInclude Include="src\Ast\NewExpr.h">
      <Filter>Headerdateien</Filter>
    </ClInclude>
    <ClInclude Include="src\Ast\Node.h">
      <Filter>Headerdateien</Filter>
    </ClInclude>
    <ClInclude Include="src\Ast\nodes.h">
      <Filter>Headerdateien</Filter>
    </ClInclude>
    <ClInclude Include="src\Ast\NullableTypeExpr.h">
      <Filter>Headerdateien</Filter>
    </ClInclude>
    <ClInclude Include="src\Ast\NullType.h">
      <Filter>Headerdateien</Filter>
    </ClInclude>
    <ClInclude Include="src\Ast\OverloadedFuncType.h">
      <Filter>Headerdateien</Filter>
    </ClInclude>
    <ClInclude Include="src\Ast\Param.h">
      <Filter>Headerdateien</Filter>
    </ClInclude>
    <ClInclude Include="src\Ast\PointerType.h">
      <Filter>Headerdateien</Filter>
    </ClInclude>
    <ClInclude Include="src\Ast\PostfixExpr.h">
      <Filter>Headerdateien</Filter>
    </ClInclude>
    <ClInclude Include="src\Ast\RetStmt.h">
      <Filter>Headerdateien</Filter>
    </ClInclude>
    <ClInclude Include="src\Ast\ScopeExpr.h">
      <Filter>Headerdateien</Filter>
    </ClInclude>
    <ClInclude Include="src\Ast\Stmt.h">
      <Filter>Headerdateien</Filter>
    </ClInclude>
    <ClInclude Include="src\Ast\SubscriptExpr.h">
      <Filter>Headerdateien</Filter>
    </ClInclude>
    <ClInclude Include="src\Ast\ThisExpr.h">
      <Filter>Headerdateien</Filter>
    </ClInclude>
    <ClInclude Include="src\Ast\Token.h">
      <Filter>Headerdateien</Filter>
    </ClInclude>
    <ClInclude Include="src\Ast\TypeDecl.h">
      <Filter>Headerdateien</Filter>
    </ClInclude>
    <ClInclude Include="src\Ast\TypeExpr.h">
      <Filter>Headerdateien</Filter>
    </ClInclude>
    <ClInclude Include="src\Ast\TypeType.h">
      <Filter>Headerdateien</Filter>
    </ClInclude>
    <ClInclude Include="src\Ast\UnaryExpr.h">
      <Filter>Headerdateien</Filter>
    </ClInclude>
    <ClInclude Include="src\Ast\UnionType.h">
      <Filter>Headerdateien</Filter>
    </ClInclude>
    <ClInclude Include="src\Ast\UnionTypeExpr.h">
      <Filter>Headerdateien</Filter>
    </ClInclude>
    <ClInclude Include="src\Ast\VarDecl.h">
      <Filter>Headerdateien</Filter>
    </ClInclude>
    <ClInclude Include="src\Ast\VoidType.h">
      <Filter>Headerdateien</Filter>
    </ClInclude>
    <ClInclude Include="src\Ast\WhileStmt.h">
      <Filter>Headerdateien</Filter>
    </ClInclude>
    <ClInclude Include="src\VM\ByteCodeChunk.h">
      <Filter>Headerdateien</Filter>
    </ClInclude>
    <ClInclude Include="src\VM\GC.h">
      <Filter>Headerdateien</Filter>
    </ClInclude>
    <ClInclude Include="src\VM\Opcode.h">
      <Filter>Headerdateien</Filter>
    </ClInclude>
    <ClInclude Include="src\VM\VM.h">
      <Filter>Headerdateien</Filter>
    </ClInclude>
    <ClInclude Include="src\VM\VMFrame.h">
      <Filter>Headerdateien</Filter>
    </ClInclude>
    <ClInclude Include="src\VM\VMObject.h">
      <Filter>Headerdateien</Filter>
    </ClInclude>
    <ClInclude Include="src\VM\VMType.h">
      <Filter>Headerdateien</Filter>
    </ClInclude>
    <ClInclude Include="src\VM\VMValue.h">
      <Filter>Headerdateien</Filter>
    </ClInclude>
    <ClInclude Include="src\ByteCodeCompiler.h">
      <Filter>Headerdateien</Filter>
    </ClInclude>
    <ClInclude Include="src\Decompiler.h">
      <Filter>Headerdateien</Filter>
    </ClInclude>
    <ClInclude Include="src\exceptions.h">
      <Filter>Headerdateien</Filter>
    </ClInclude>
    <ClInclude Include="src\IExprVisitor.h">
      <Filter>Headerdateien</Filter>
    </ClInclude>
    <ClInclude Include="src\IStmtVisitor.h">
      <Filter>Headerdateien</Filter>
    </ClInclude>
    <ClInclude Include="src\Lexer.h">
      <Filter>Headerdateien</Filter>
    </ClInclude>
    <ClInclude Include="src\NameResolver.h">
      <Filter>Headerdateien</Filter>
    </ClInclude>
    <ClInclude Include="src\NodePrinter.h">
      <Filter>Headerdateien</Filter>
    </ClInclude>
    <ClInclude Include="src\Parser.h">
      <Filter>Headerdateien</Filter>
    </ClInclude>
    <ClInclude Include="src\Pass.h">
      <Filter>Headerdateien</Filter>
    </ClInclude>
    <ClInclude Include="src\Scope.h">
      <Filter>Headerdateien</Filter>
    </ClInclude>
    <ClInclude Include="src\SourceFile.h">
      <Filter>Headerdateien</Filter>
    </ClInclude>
    <ClInclude Include="src\TypeChecker.h">
      <Filter>Headerdateien</Filter>
    </ClInclude>
    <ClInclude Include="src\TypeInfo.h">
      <Filter>Headerdateien</Filter>
    </ClInclude>
    <ClInclude Include="src\VM\Debugger.h">
      <Filter>Headerdateien</Filter>
    </ClInclude>
    <ClInclude Include="src\utils.h">
      <Filter>Headerdateien</Filter>
    </ClInclude>
    <ClInclude Include="src\Ast\TypeAliasDecl.h">
      <Filter>Headerdateien</Filter>
    </ClInclude>
    <ClInclude Include="src\Ast\MapLitExpr.h">
      <Filter>Headerdateien</Filter>
    </ClInclude>
  </ItemGroup>
  <ItemGroup>
    <ClCompile Include="src\Ast\ArrayType.cpp">
      <Filter>Quelldateien</Filter>
    </ClCompile>
    <ClCompile Include="src\Ast\ClassDecl.cpp">
      <Filter>Quelldateien</Filter>
    </ClCompile>
    <ClCompile Include="src\Ast\EnumDecl.cpp">
      <Filter>Quelldateien</Filter>
    </ClCompile>
    <ClCompile Include="src\Ast\FuncType.cpp">
      <Filter>Quelldateien</Filter>
    </ClCompile>
    <ClCompile Include="src\Ast\InterfaceDecl.cpp">
      <Filter>Quelldateien</Filter>
    </ClCompile>
    <ClCompile Include="src\Ast\ModDecl.cpp">
      <Filter>Quelldateien</Filter>
    </ClCompile>
    <ClCompile Include="src\Ast\Token.cpp">
      <Filter>Quelldateien</Filter>
    </ClCompile>
    <ClCompile Include="src\Ast\types.cpp">
      <Filter>Quelldateien</Filter>
    </ClCompile>
    <ClCompile Include="src\Ast\UnionType.cpp">
      <Filter>Quelldateien</Filter>
    </ClCompile>
    <ClCompile Include="src\VM\ByteCodeChunk.cpp">
      <Filter>Quelldateien</Filter>
    </ClCompile>
    <ClCompile Include="src\VM\GC.cpp">
      <Filter>Quelldateien</Filter>
    </ClCompile>
    <ClCompile Include="src\VM\Opcode.cpp">
      <Filter>Quelldateien</Filter>
    </ClCompile>
    <ClCompile Include="src\VM\VM.cpp">
      <Filter>Quelldateien</Filter>
    </ClCompile>
    <ClCompile Include="src\VM\VMObject.cpp">
      <Filter>Quelldateien</Filter>
    </ClCompile>
    <ClCompile Include="src\VM\VMValue.cpp">
      <Filter>Quelldateien</Filter>
    </ClCompile>
    <ClCompile Include="src\ByteCodeCompiler.cpp">
      <Filter>Quelldateien</Filter>
    </ClCompile>
    <ClCompile Include="src\Decompiler.cpp">
      <Filter>Quelldateien</Filter>
    </ClCompile>
    <ClCompile Include="src\Lexer.cpp">
      <Filter>Quelldateien</Filter>
    </ClCompile>
    <ClCompile Include="src\main.cpp">
      <Filter>Quelldateien</Filter>
    </ClCompile>
    <ClCompile Include="src\NameResolver.cpp">
      <Filter>Quelldateien</Filter>
    </ClCompile>
    <ClCompile Include="src\NodePrinter.cpp">
      <Filter>Quelldateien</Filter>
    </ClCompile>
    <ClCompile Include="src\Parser.cpp">
      <Filter>Quelldateien</Filter>
    </ClCompile>
    <ClCompile Include="src\Pass.cpp">
      <Filter>Quelldateien</Filter>
    </ClCompile>
    <ClCompile Include="src\Scope.cpp">
      <Filter>Quelldateien</Filter>
    </ClCompile>
    <ClCompile Include="src\TypeChecker.cpp">
      <Filter>Quelldateien</Filter>
    </ClCompile>
    <ClCompile Include="src\TypeInfo.cpp">
      <Filter>Quelldateien</Filter>
    </ClCompile>
    <ClCompile Include="src\VM\Debugger.cpp">
      <Filter>Quelldateien</Filter>
    </ClCompile>
    <ClCompile Include="src\utils.cpp">
      <Filter>Quelldateien</Filter>
    </ClCompile>
    <ClCompile Include="src\Ast\TypeAliasDecl.cpp">
      <Filter>Quelldateien</Filter>
    </ClCompile>
    <ClCompile Include="src\SourceFile.cpp">
      <Filter>Quelldateien</Filter>
    </ClCompile>
    <ClCompile Include="src\Ast\TypeDecl.cpp">
      <Filter>Quelldateien</Filter>
    </ClCompile>
  </ItemGroup>
</Project>